// !$*UTF8*$!
{
	archiveVersion = 1;
	classes = {
	};
	objectVersion = 46;
	objects = {

/* Begin PBXBuildFile section */
		766569F41C8F0B650016DFF1 /* GCDWebServer.m in Sources */ = {isa = PBXBuildFile; fileRef = 766569D71C8F0B650016DFF1 /* GCDWebServer.m */; };
		766569F51C8F0B650016DFF1 /* GCDWebServerConnection.m in Sources */ = {isa = PBXBuildFile; fileRef = 766569D91C8F0B650016DFF1 /* GCDWebServerConnection.m */; };
		766569F61C8F0B650016DFF1 /* GCDWebServerFunctions.m in Sources */ = {isa = PBXBuildFile; fileRef = 766569DB1C8F0B650016DFF1 /* GCDWebServerFunctions.m */; };
		766569F71C8F0B650016DFF1 /* GCDWebServerRequest.m in Sources */ = {isa = PBXBuildFile; fileRef = 766569DF1C8F0B650016DFF1 /* GCDWebServerRequest.m */; };
		766569F81C8F0B650016DFF1 /* GCDWebServerResponse.m in Sources */ = {isa = PBXBuildFile; fileRef = 766569E11C8F0B650016DFF1 /* GCDWebServerResponse.m */; };
		766569F91C8F0B650016DFF1 /* GCDWebServerDataRequest.m in Sources */ = {isa = PBXBuildFile; fileRef = 766569E41C8F0B650016DFF1 /* GCDWebServerDataRequest.m */; };
		766569FA1C8F0B650016DFF1 /* GCDWebServerFileRequest.m in Sources */ = {isa = PBXBuildFile; fileRef = 766569E61C8F0B650016DFF1 /* GCDWebServerFileRequest.m */; };
		766569FB1C8F0B650016DFF1 /* GCDWebServerMultiPartFormRequest.m in Sources */ = {isa = PBXBuildFile; fileRef = 766569E81C8F0B650016DFF1 /* GCDWebServerMultiPartFormRequest.m */; };
		766569FC1C8F0B650016DFF1 /* GCDWebServerURLEncodedFormRequest.m in Sources */ = {isa = PBXBuildFile; fileRef = 766569EA1C8F0B650016DFF1 /* GCDWebServerURLEncodedFormRequest.m */; };
		766569FD1C8F0B650016DFF1 /* GCDWebServerDataResponse.m in Sources */ = {isa = PBXBuildFile; fileRef = 766569ED1C8F0B650016DFF1 /* GCDWebServerDataResponse.m */; };
		766569FE1C8F0B650016DFF1 /* GCDWebServerErrorResponse.m in Sources */ = {isa = PBXBuildFile; fileRef = 766569EF1C8F0B650016DFF1 /* GCDWebServerErrorResponse.m */; };
		766569FF1C8F0B650016DFF1 /* GCDWebServerFileResponse.m in Sources */ = {isa = PBXBuildFile; fileRef = 766569F11C8F0B650016DFF1 /* GCDWebServerFileResponse.m */; };
		76656A001C8F0B650016DFF1 /* GCDWebServerStreamedResponse.m in Sources */ = {isa = PBXBuildFile; fileRef = 766569F31C8F0B650016DFF1 /* GCDWebServerStreamedResponse.m */; };
		76F115571C8EEFF000129D2A /* main.m in Sources */ = {isa = PBXBuildFile; fileRef = 76F115561C8EEFF000129D2A /* main.m */; };
		76F1155A1C8EEFF000129D2A /* AppDelegate.m in Sources */ = {isa = PBXBuildFile; fileRef = 76F115591C8EEFF000129D2A /* AppDelegate.m */; };
		76F1155D1C8EEFF000129D2A /* ViewController.m in Sources */ = {isa = PBXBuildFile; fileRef = 76F1155C1C8EEFF000129D2A /* ViewController.m */; };
		76F115601C8EEFF000129D2A /* Main.storyboard in Resources */ = {isa = PBXBuildFile; fileRef = 76F1155E1C8EEFF000129D2A /* Main.storyboard */; };
		76F115621C8EEFF000129D2A /* Assets.xcassets in Resources */ = {isa = PBXBuildFile; fileRef = 76F115611C8EEFF000129D2A /* Assets.xcassets */; };
		76F115651C8EEFF000129D2A /* LaunchScreen.storyboard in Resources */ = {isa = PBXBuildFile; fileRef = 76F115631C8EEFF000129D2A /* LaunchScreen.storyboard */; };
		76F1156D1C8EF15500129D2A /* CoreLocation.framework in Frameworks */ = {isa = PBXBuildFile; fileRef = 76F1156C1C8EF15500129D2A /* CoreLocation.framework */; };
/* End PBXBuildFile section */

/* Begin PBXFileReference section */
		766569D61C8F0B650016DFF1 /* GCDWebServer.h */ = {isa = PBXFileReference; fileEncoding = 4; lastKnownFileType = sourcecode.c.h; path = GCDWebServer.h; sourceTree = "<group>"; };
		766569D71C8F0B650016DFF1 /* GCDWebServer.m */ = {isa = PBXFileReference; fileEncoding = 4; lastKnownFileType = sourcecode.c.objc; path = GCDWebServer.m; sourceTree = "<group>"; };
		766569D81C8F0B650016DFF1 /* GCDWebServerConnection.h */ = {isa = PBXFileReference; fileEncoding = 4; lastKnownFileType = sourcecode.c.h; path = GCDWebServerConnection.h; sourceTree = "<group>"; };
		766569D91C8F0B650016DFF1 /* GCDWebServerConnection.m */ = {isa = PBXFileReference; fileEncoding = 4; lastKnownFileType = sourcecode.c.objc; path = GCDWebServerConnection.m; sourceTree = "<group>"; };
		766569DA1C8F0B650016DFF1 /* GCDWebServerFunctions.h */ = {isa = PBXFileReference; fileEncoding = 4; lastKnownFileType = sourcecode.c.h; path = GCDWebServerFunctions.h; sourceTree = "<group>"; };
		766569DB1C8F0B650016DFF1 /* GCDWebServerFunctions.m */ = {isa = PBXFileReference; fileEncoding = 4; lastKnownFileType = sourcecode.c.objc; path = GCDWebServerFunctions.m; sourceTree = "<group>"; };
		766569DC1C8F0B650016DFF1 /* GCDWebServerHTTPStatusCodes.h */ = {isa = PBXFileReference; fileEncoding = 4; lastKnownFileType = sourcecode.c.h; path = GCDWebServerHTTPStatusCodes.h; sourceTree = "<group>"; };
		766569DD1C8F0B650016DFF1 /* GCDWebServerPrivate.h */ = {isa = PBXFileReference; fileEncoding = 4; lastKnownFileType = sourcecode.c.h; path = GCDWebServerPrivate.h; sourceTree = "<group>"; };
		766569DE1C8F0B650016DFF1 /* GCDWebServerRequest.h */ = {isa = PBXFileReference; fileEncoding = 4; lastKnownFileType = sourcecode.c.h; path = GCDWebServerRequest.h; sourceTree = "<group>"; };
		766569DF1C8F0B650016DFF1 /* GCDWebServerRequest.m */ = {isa = PBXFileReference; fileEncoding = 4; lastKnownFileType = sourcecode.c.objc; path = GCDWebServerRequest.m; sourceTree = "<group>"; };
		766569E01C8F0B650016DFF1 /* GCDWebServerResponse.h */ = {isa = PBXFileReference; fileEncoding = 4; lastKnownFileType = sourcecode.c.h; path = GCDWebServerResponse.h; sourceTree = "<group>"; };
		766569E11C8F0B650016DFF1 /* GCDWebServerResponse.m */ = {isa = PBXFileReference; fileEncoding = 4; lastKnownFileType = sourcecode.c.objc; path = GCDWebServerResponse.m; sourceTree = "<group>"; };
		766569E31C8F0B650016DFF1 /* GCDWebServerDataRequest.h */ = {isa = PBXFileReference; fileEncoding = 4; lastKnownFileType = sourcecode.c.h; path = GCDWebServerDataRequest.h; sourceTree = "<group>"; };
		766569E41C8F0B650016DFF1 /* GCDWebServerDataRequest.m */ = {isa = PBXFileReference; fileEncoding = 4; lastKnownFileType = sourcecode.c.objc; path = GCDWebServerDataRequest.m; sourceTree = "<group>"; };
		766569E51C8F0B650016DFF1 /* GCDWebServerFileRequest.h */ = {isa = PBXFileReference; fileEncoding = 4; lastKnownFileType = sourcecode.c.h; path = GCDWebServerFileRequest.h; sourceTree = "<group>"; };
		766569E61C8F0B650016DFF1 /* GCDWebServerFileRequest.m */ = {isa = PBXFileReference; fileEncoding = 4; lastKnownFileType = sourcecode.c.objc; path = GCDWebServerFileRequest.m; sourceTree = "<group>"; };
		766569E71C8F0B650016DFF1 /* GCDWebServerMultiPartFormRequest.h */ = {isa = PBXFileReference; fileEncoding = 4; lastKnownFileType = sourcecode.c.h; path = GCDWebServerMultiPartFormRequest.h; sourceTree = "<group>"; };
		766569E81C8F0B650016DFF1 /* GCDWebServerMultiPartFormRequest.m */ = {isa = PBXFileReference; fileEncoding = 4; lastKnownFileType = sourcecode.c.objc; path = GCDWebServerMultiPartFormRequest.m; sourceTree = "<group>"; };
		766569E91C8F0B650016DFF1 /* GCDWebServerURLEncodedFormRequest.h */ = {isa = PBXFileReference; fileEncoding = 4; lastKnownFileType = sourcecode.c.h; path = GCDWebServerURLEncodedFormRequest.h; sourceTree = "<group>"; };
		766569EA1C8F0B650016DFF1 /* GCDWebServerURLEncodedFormRequest.m */ = {isa = PBXFileReference; fileEncoding = 4; lastKnownFileType = sourcecode.c.objc; path = GCDWebServerURLEncodedFormRequest.m; sourceTree = "<group>"; };
		766569EC1C8F0B650016DFF1 /* GCDWebServerDataResponse.h */ = {isa = PBXFileReference; fileEncoding = 4; lastKnownFileType = sourcecode.c.h; path = GCDWebServerDataResponse.h; sourceTree = "<group>"; };
		766569ED1C8F0B650016DFF1 /* GCDWebServerDataResponse.m */ = {isa = PBXFileReference; fileEncoding = 4; lastKnownFileType = sourcecode.c.objc; path = GCDWebServerDataResponse.m; sourceTree = "<group>"; };
		766569EE1C8F0B650016DFF1 /* GCDWebServerErrorResponse.h */ = {isa = PBXFileReference; fileEncoding = 4; lastKnownFileType = sourcecode.c.h; path = GCDWebServerErrorResponse.h; sourceTree = "<group>"; };
		766569EF1C8F0B650016DFF1 /* GCDWebServerErrorResponse.m */ = {isa = PBXFileReference; fileEncoding = 4; lastKnownFileType = sourcecode.c.objc; path = GCDWebServerErrorResponse.m; sourceTree = "<group>"; };
		766569F01C8F0B650016DFF1 /* GCDWebServerFileResponse.h */ = {isa = PBXFileReference; fileEncoding = 4; lastKnownFileType = sourcecode.c.h; path = GCDWebServerFileResponse.h; sourceTree = "<group>"; };
		766569F11C8F0B650016DFF1 /* GCDWebServerFileResponse.m */ = {isa = PBXFileReference; fileEncoding = 4; lastKnownFileType = sourcecode.c.objc; path = GCDWebServerFileResponse.m; sourceTree = "<group>"; };
		766569F21C8F0B650016DFF1 /* GCDWebServerStreamedResponse.h */ = {isa = PBXFileReference; fileEncoding = 4; lastKnownFileType = sourcecode.c.h; path = GCDWebServerStreamedResponse.h; sourceTree = "<group>"; };
		766569F31C8F0B650016DFF1 /* GCDWebServerStreamedResponse.m */ = {isa = PBXFileReference; fileEncoding = 4; lastKnownFileType = sourcecode.c.objc; path = GCDWebServerStreamedResponse.m; sourceTree = "<group>"; };
		76F115521C8EEFF000129D2A /* GhostsInTheCity_Location.app */ = {isa = PBXFileReference; explicitFileType = wrapper.application; includeInIndex = 0; path = GhostsInTheCity_Location.app; sourceTree = BUILT_PRODUCTS_DIR; };
		76F115561C8EEFF000129D2A /* main.m */ = {isa = PBXFileReference; lastKnownFileType = sourcecode.c.objc; path = main.m; sourceTree = "<group>"; };
		76F115581C8EEFF000129D2A /* AppDelegate.h */ = {isa = PBXFileReference; lastKnownFileType = sourcecode.c.h; path = AppDelegate.h; sourceTree = "<group>"; };
		76F115591C8EEFF000129D2A /* AppDelegate.m */ = {isa = PBXFileReference; lastKnownFileType = sourcecode.c.objc; path = AppDelegate.m; sourceTree = "<group>"; };
		76F1155B1C8EEFF000129D2A /* ViewController.h */ = {isa = PBXFileReference; lastKnownFileType = sourcecode.c.h; path = ViewController.h; sourceTree = "<group>"; };
		76F1155C1C8EEFF000129D2A /* ViewController.m */ = {isa = PBXFileReference; lastKnownFileType = sourcecode.c.objc; path = ViewController.m; sourceTree = "<group>"; };
		76F1155F1C8EEFF000129D2A /* Base */ = {isa = PBXFileReference; lastKnownFileType = file.storyboard; name = Base; path = Base.lproj/Main.storyboard; sourceTree = "<group>"; };
		76F115611C8EEFF000129D2A /* Assets.xcassets */ = {isa = PBXFileReference; lastKnownFileType = folder.assetcatalog; path = Assets.xcassets; sourceTree = "<group>"; };
		76F115641C8EEFF000129D2A /* Base */ = {isa = PBXFileReference; lastKnownFileType = file.storyboard; name = Base; path = Base.lproj/LaunchScreen.storyboard; sourceTree = "<group>"; };
		76F115661C8EEFF000129D2A /* Info.plist */ = {isa = PBXFileReference; lastKnownFileType = text.plist.xml; path = Info.plist; sourceTree = "<group>"; };
		76F1156C1C8EF15500129D2A /* CoreLocation.framework */ = {isa = PBXFileReference; lastKnownFileType = wrapper.framework; name = CoreLocation.framework; path = System/Library/Frameworks/CoreLocation.framework; sourceTree = SDKROOT; };
/* End PBXFileReference section */

/* Begin PBXFrameworksBuildPhase section */
		76F1154F1C8EEFF000129D2A /* Frameworks */ = {
			isa = PBXFrameworksBuildPhase;
			buildActionMask = 2147483647;
			files = (
				76F1156D1C8EF15500129D2A /* CoreLocation.framework in Frameworks */,
			);
			runOnlyForDeploymentPostprocessing = 0;
		};
/* End PBXFrameworksBuildPhase section */

/* Begin PBXGroup section */
		766569D41C8F0B650016DFF1 /* GCDWebServer */ = {
			isa = PBXGroup;
			children = (
				766569D51C8F0B650016DFF1 /* Core */,
				766569E21C8F0B650016DFF1 /* Requests */,
				766569EB1C8F0B650016DFF1 /* Responses */,
			);
			path = GCDWebServer;
			sourceTree = "<group>";
		};
		766569D51C8F0B650016DFF1 /* Core */ = {
			isa = PBXGroup;
			children = (
				766569D61C8F0B650016DFF1 /* GCDWebServer.h */,
				766569D71C8F0B650016DFF1 /* GCDWebServer.m */,
				766569D81C8F0B650016DFF1 /* GCDWebServerConnection.h */,
				766569D91C8F0B650016DFF1 /* GCDWebServerConnection.m */,
				766569DA1C8F0B650016DFF1 /* GCDWebServerFunctions.h */,
				766569DB1C8F0B650016DFF1 /* GCDWebServerFunctions.m */,
				766569DC1C8F0B650016DFF1 /* GCDWebServerHTTPStatusCodes.h */,
				766569DD1C8F0B650016DFF1 /* GCDWebServerPrivate.h */,
				766569DE1C8F0B650016DFF1 /* GCDWebServerRequest.h */,
				766569DF1C8F0B650016DFF1 /* GCDWebServerRequest.m */,
				766569E01C8F0B650016DFF1 /* GCDWebServerResponse.h */,
				766569E11C8F0B650016DFF1 /* GCDWebServerResponse.m */,
			);
			path = Core;
			sourceTree = "<group>";
		};
		766569E21C8F0B650016DFF1 /* Requests */ = {
			isa = PBXGroup;
			children = (
				766569E31C8F0B650016DFF1 /* GCDWebServerDataRequest.h */,
				766569E41C8F0B650016DFF1 /* GCDWebServerDataRequest.m */,
				766569E51C8F0B650016DFF1 /* GCDWebServerFileRequest.h */,
				766569E61C8F0B650016DFF1 /* GCDWebServerFileRequest.m */,
				766569E71C8F0B650016DFF1 /* GCDWebServerMultiPartFormRequest.h */,
				766569E81C8F0B650016DFF1 /* GCDWebServerMultiPartFormRequest.m */,
				766569E91C8F0B650016DFF1 /* GCDWebServerURLEncodedFormRequest.h */,
				766569EA1C8F0B650016DFF1 /* GCDWebServerURLEncodedFormRequest.m */,
			);
			path = Requests;
			sourceTree = "<group>";
		};
		766569EB1C8F0B650016DFF1 /* Responses */ = {
			isa = PBXGroup;
			children = (
				766569EC1C8F0B650016DFF1 /* GCDWebServerDataResponse.h */,
				766569ED1C8F0B650016DFF1 /* GCDWebServerDataResponse.m */,
				766569EE1C8F0B650016DFF1 /* GCDWebServerErrorResponse.h */,
				766569EF1C8F0B650016DFF1 /* GCDWebServerErrorResponse.m */,
				766569F01C8F0B650016DFF1 /* GCDWebServerFileResponse.h */,
				766569F11C8F0B650016DFF1 /* GCDWebServerFileResponse.m */,
				766569F21C8F0B650016DFF1 /* GCDWebServerStreamedResponse.h */,
				766569F31C8F0B650016DFF1 /* GCDWebServerStreamedResponse.m */,
			);
			path = Responses;
			sourceTree = "<group>";
		};
		76F115491C8EEFF000129D2A = {
			isa = PBXGroup;
			children = (
				76F1156C1C8EF15500129D2A /* CoreLocation.framework */,
				76F115541C8EEFF000129D2A /* GhostsInTheCity_Location */,
				76F115531C8EEFF000129D2A /* Products */,
			);
			sourceTree = "<group>";
		};
		76F115531C8EEFF000129D2A /* Products */ = {
			isa = PBXGroup;
			children = (
				76F115521C8EEFF000129D2A /* GhostsInTheCity_Location.app */,
			);
			name = Products;
			sourceTree = "<group>";
		};
		76F115541C8EEFF000129D2A /* GhostsInTheCity_Location */ = {
			isa = PBXGroup;
			children = (
				76F115581C8EEFF000129D2A /* AppDelegate.h */,
				76F115591C8EEFF000129D2A /* AppDelegate.m */,
				76F1155B1C8EEFF000129D2A /* ViewController.h */,
				76F1155C1C8EEFF000129D2A /* ViewController.m */,
				76F1155E1C8EEFF000129D2A /* Main.storyboard */,
				76F115611C8EEFF000129D2A /* Assets.xcassets */,
				76F115631C8EEFF000129D2A /* LaunchScreen.storyboard */,
				76F115661C8EEFF000129D2A /* Info.plist */,
				766569D41C8F0B650016DFF1 /* GCDWebServer */,
				76F115551C8EEFF000129D2A /* Supporting Files */,
			);
			path = GhostsInTheCity_Location;
			sourceTree = "<group>";
		};
		76F115551C8EEFF000129D2A /* Supporting Files */ = {
			isa = PBXGroup;
			children = (
				76F115561C8EEFF000129D2A /* main.m */,
			);
			name = "Supporting Files";
			sourceTree = "<group>";
		};
/* End PBXGroup section */

/* Begin PBXNativeTarget section */
		76F115511C8EEFF000129D2A /* GhostsInTheCity_Location */ = {
			isa = PBXNativeTarget;
			buildConfigurationList = 76F115691C8EEFF000129D2A /* Build configuration list for PBXNativeTarget "GhostsInTheCity_Location" */;
			buildPhases = (
				76F1154E1C8EEFF000129D2A /* Sources */,
				76F1154F1C8EEFF000129D2A /* Frameworks */,
				76F115501C8EEFF000129D2A /* Resources */,
			);
			buildRules = (
			);
			dependencies = (
			);
			name = GhostsInTheCity_Location;
			productName = GhostsInTheCity_Location;
			productReference = 76F115521C8EEFF000129D2A /* GhostsInTheCity_Location.app */;
			productType = "com.apple.product-type.application";
		};
/* End PBXNativeTarget section */

/* Begin PBXProject section */
		76F1154A1C8EEFF000129D2A /* Project object */ = {
			isa = PBXProject;
			attributes = {
				LastUpgradeCheck = 0720;
				ORGANIZATIONNAME = "Pietro Nompleggio";
				TargetAttributes = {
					76F115511C8EEFF000129D2A = {
						CreatedOnToolsVersion = 7.2.1;
					};
				};
			};
			buildConfigurationList = 76F1154D1C8EEFF000129D2A /* Build configuration list for PBXProject "GhostsInTheCity_Location" */;
			compatibilityVersion = "Xcode 3.2";
			developmentRegion = English;
			hasScannedForEncodings = 0;
			knownRegions = (
				en,
				Base,
			);
			mainGroup = 76F115491C8EEFF000129D2A;
			productRefGroup = 76F115531C8EEFF000129D2A /* Products */;
			projectDirPath = "";
			projectRoot = "";
			targets = (
				76F115511C8EEFF000129D2A /* GhostsInTheCity_Location */,
			);
		};
/* End PBXProject section */

/* Begin PBXResourcesBuildPhase section */
		76F115501C8EEFF000129D2A /* Resources */ = {
			isa = PBXResourcesBuildPhase;
			buildActionMask = 2147483647;
			files = (
				76F115651C8EEFF000129D2A /* LaunchScreen.storyboard in Resources */,
				76F115621C8EEFF000129D2A /* Assets.xcassets in Resources */,
				76F115601C8EEFF000129D2A /* Main.storyboard in Resources */,
			);
			runOnlyForDeploymentPostprocessing = 0;
		};
/* End PBXResourcesBuildPhase section */

/* Begin PBXSourcesBuildPhase section */
		76F1154E1C8EEFF000129D2A /* Sources */ = {
			isa = PBXSourcesBuildPhase;
			buildActionMask = 2147483647;
			files = (
				76656A001C8F0B650016DFF1 /* GCDWebServerStreamedResponse.m in Sources */,
				766569FB1C8F0B650016DFF1 /* GCDWebServerMultiPartFormRequest.m in Sources */,
				766569FD1C8F0B650016DFF1 /* GCDWebServerDataResponse.m in Sources */,
				766569FE1C8F0B650016DFF1 /* GCDWebServerErrorResponse.m in Sources */,
				766569F41C8F0B650016DFF1 /* GCDWebServer.m in Sources */,
				766569FF1C8F0B650016DFF1 /* GCDWebServerFileResponse.m in Sources */,
				76F1155D1C8EEFF000129D2A /* ViewController.m in Sources */,
				766569F61C8F0B650016DFF1 /* GCDWebServerFunctions.m in Sources */,
				766569F81C8F0B650016DFF1 /* GCDWebServerResponse.m in Sources */,
				766569F51C8F0B650016DFF1 /* GCDWebServerConnection.m in Sources */,
				76F1155A1C8EEFF000129D2A /* AppDelegate.m in Sources */,
				766569FC1C8F0B650016DFF1 /* GCDWebServerURLEncodedFormRequest.m in Sources */,
				766569FA1C8F0B650016DFF1 /* GCDWebServerFileRequest.m in Sources */,
				766569F71C8F0B650016DFF1 /* GCDWebServerRequest.m in Sources */,
				76F115571C8EEFF000129D2A /* main.m in Sources */,
				766569F91C8F0B650016DFF1 /* GCDWebServerDataRequest.m in Sources */,
			);
			runOnlyForDeploymentPostprocessing = 0;
		};
/* End PBXSourcesBuildPhase section */

/* Begin PBXVariantGroup section */
		76F1155E1C8EEFF000129D2A /* Main.storyboard */ = {
			isa = PBXVariantGroup;
			children = (
				76F1155F1C8EEFF000129D2A /* Base */,
			);
			name = Main.storyboard;
			sourceTree = "<group>";
		};
		76F115631C8EEFF000129D2A /* LaunchScreen.storyboard */ = {
			isa = PBXVariantGroup;
			children = (
				76F115641C8EEFF000129D2A /* Base */,
			);
			name = LaunchScreen.storyboard;
			sourceTree = "<group>";
		};
/* End PBXVariantGroup section */

/* Begin XCBuildConfiguration section */
		76F115671C8EEFF000129D2A /* Debug */ = {
			isa = XCBuildConfiguration;
			buildSettings = {
				ALWAYS_SEARCH_USER_PATHS = NO;
				CLANG_CXX_LANGUAGE_STANDARD = "gnu++0x";
				CLANG_CXX_LIBRARY = "libc++";
				CLANG_ENABLE_MODULES = YES;
				CLANG_ENABLE_OBJC_ARC = YES;
				CLANG_WARN_BOOL_CONVERSION = YES;
				CLANG_WARN_CONSTANT_CONVERSION = YES;
				CLANG_WARN_DIRECT_OBJC_ISA_USAGE = YES_ERROR;
				CLANG_WARN_EMPTY_BODY = YES;
				CLANG_WARN_ENUM_CONVERSION = YES;
				CLANG_WARN_INT_CONVERSION = YES;
				CLANG_WARN_OBJC_ROOT_CLASS = YES_ERROR;
				CLANG_WARN_UNREACHABLE_CODE = YES;
				CLANG_WARN__DUPLICATE_METHOD_MATCH = YES;
				"CODE_SIGN_IDENTITY[sdk=iphoneos*]" = "iPhone Developer";
				COPY_PHASE_STRIP = NO;
				DEBUG_INFORMATION_FORMAT = dwarf;
				ENABLE_STRICT_OBJC_MSGSEND = YES;
				ENABLE_TESTABILITY = YES;
				GCC_C_LANGUAGE_STANDARD = gnu99;
				GCC_DYNAMIC_NO_PIC = NO;
				GCC_NO_COMMON_BLOCKS = YES;
				GCC_OPTIMIZATION_LEVEL = 0;
				GCC_PREPROCESSOR_DEFINITIONS = (
					"DEBUG=1",
					"$(inherited)",
				);
				GCC_WARN_64_TO_32_BIT_CONVERSION = YES;
				GCC_WARN_ABOUT_RETURN_TYPE = YES_ERROR;
				GCC_WARN_UNDECLARED_SELECTOR = YES;
				GCC_WARN_UNINITIALIZED_AUTOS = YES_AGGRESSIVE;
				GCC_WARN_UNUSED_FUNCTION = YES;
				GCC_WARN_UNUSED_VARIABLE = YES;
				IPHONEOS_DEPLOYMENT_TARGET = 9.2;
				MTL_ENABLE_DEBUG_INFO = YES;
				ONLY_ACTIVE_ARCH = YES;
				SDKROOT = iphoneos;
			};
			name = Debug;
		};
		76F115681C8EEFF000129D2A /* Release */ = {
			isa = XCBuildConfiguration;
			buildSettings = {
				ALWAYS_SEARCH_USER_PATHS = NO;
				CLANG_CXX_LANGUAGE_STANDARD = "gnu++0x";
				CLANG_CXX_LIBRARY = "libc++";
				CLANG_ENABLE_MODULES = YES;
				CLANG_ENABLE_OBJC_ARC = YES;
				CLANG_WARN_BOOL_CONVERSION = YES;
				CLANG_WARN_CONSTANT_CONVERSION = YES;
				CLANG_WARN_DIRECT_OBJC_ISA_USAGE = YES_ERROR;
				CLANG_WARN_EMPTY_BODY = YES;
				CLANG_WARN_ENUM_CONVERSION = YES;
				CLANG_WARN_INT_CONVERSION = YES;
				CLANG_WARN_OBJC_ROOT_CLASS = YES_ERROR;
				CLANG_WARN_UNREACHABLE_CODE = YES;
				CLANG_WARN__DUPLICATE_METHOD_MATCH = YES;
				"CODE_SIGN_IDENTITY[sdk=iphoneos*]" = "iPhone Developer";
				COPY_PHASE_STRIP = NO;
				DEBUG_INFORMATION_FORMAT = "dwarf-with-dsym";
				ENABLE_NS_ASSERTIONS = NO;
				ENABLE_STRICT_OBJC_MSGSEND = YES;
				GCC_C_LANGUAGE_STANDARD = gnu99;
				GCC_NO_COMMON_BLOCKS = YES;
				GCC_WARN_64_TO_32_BIT_CONVERSION = YES;
				GCC_WARN_ABOUT_RETURN_TYPE = YES_ERROR;
				GCC_WARN_UNDECLARED_SELECTOR = YES;
				GCC_WARN_UNINITIALIZED_AUTOS = YES_AGGRESSIVE;
				GCC_WARN_UNUSED_FUNCTION = YES;
				GCC_WARN_UNUSED_VARIABLE = YES;
				IPHONEOS_DEPLOYMENT_TARGET = 9.2;
				MTL_ENABLE_DEBUG_INFO = NO;
				SDKROOT = iphoneos;
				VALIDATE_PRODUCT = YES;
			};
			name = Release;
		};
		76F1156A1C8EEFF000129D2A /* Debug */ = {
			isa = XCBuildConfiguration;
			buildSettings = {
				ASSETCATALOG_COMPILER_APPICON_NAME = AppIcon;
				INFOPLIST_FILE = GhostsInTheCity_Location/Info.plist;
				LD_RUNPATH_SEARCH_PATHS = "$(inherited) @executable_path/Frameworks";
				PRODUCT_BUNDLE_IDENTIFIER = "com.GhostsInTheCity-Location";
				PRODUCT_NAME = "$(TARGET_NAME)";
			};
			name = Debug;
		};
		76F1156B1C8EEFF000129D2A /* Release */ = {
			isa = XCBuildConfiguration;
			buildSettings = {
				ASSETCATALOG_COMPILER_APPICON_NAME = AppIcon;
				INFOPLIST_FILE = GhostsInTheCity_Location/Info.plist;
				LD_RUNPATH_SEARCH_PATHS = "$(inherited) @executable_path/Frameworks";
				PRODUCT_BUNDLE_IDENTIFIER = "com.GhostsInTheCity-Location";
				PRODUCT_NAME = "$(TARGET_NAME)";
			};
			name = Release;
		};
/* End XCBuildConfiguration section */

/* Begin XCConfigurationList section */
		76F1154D1C8EEFF000129D2A /* Build configuration list for PBXProject "GhostsInTheCity_Location" */ = {
			isa = XCConfigurationList;
			buildConfigurations = (
				76F115671C8EEFF000129D2A /* Debug */,
				76F115681C8EEFF000129D2A /* Release */,
			);
			defaultConfigurationIsVisible = 0;
			defaultConfigurationName = Release;
		};
		76F115691C8EEFF000129D2A /* Build configuration list for PBXNativeTarget "GhostsInTheCity_Location" */ = {
			isa = XCConfigurationList;
			buildConfigurations = (
				76F1156A1C8EEFF000129D2A /* Debug */,
				76F1156B1C8EEFF000129D2A /* Release */,
			);
			defaultConfigurationIsVisible = 0;
			defaultConfigurationName = Release;
		};
/* End XCConfigurationList section */
	};
	rootObject = 76F1154A1C8EEFF000129D2A /* Project object */;
}
