// !$*UTF8*$!
{
	archiveVersion = 1;
	classes = {
	};
	objectVersion = 46;
	objects = {

/* Begin PBXBuildFile section */
		76656A021C8F15470016DFF1 /* libz.tbd in Frameworks */ = {isa = PBXBuildFile; fileRef = 76656A011C8F15470016DFF1 /* libz.tbd */; };
		76656A271C8F187A0016DFF1 /* Documentation.html in Resources */ = {isa = PBXBuildFile; fileRef = 76656A061C8F187A0016DFF1 /* Documentation.html */; };
		76656A281C8F187A0016DFF1 /* GCDAsyncSocket.m in Sources */ = {isa = PBXBuildFile; fileRef = 76656A081C8F187A0016DFF1 /* GCDAsyncSocket.m */; };
		76656A291C8F187A0016DFF1 /* GCDAsyncUdpSocket.m in Sources */ = {isa = PBXBuildFile; fileRef = 76656A0A1C8F187A0016DFF1 /* GCDAsyncUdpSocket.m */; };
		76656A2A1C8F187A0016DFF1 /* Info.plist in Resources */ = {isa = PBXBuildFile; fileRef = 76656A0B1C8F187A0016DFF1 /* Info.plist */; };
		76656A2B1C8F187A0016DFF1 /* AsyncSocket.m in Sources */ = {isa = PBXBuildFile; fileRef = 76656A0E1C8F187A0016DFF1 /* AsyncSocket.m */; };
		76656A2C1C8F187A0016DFF1 /* AsyncUdpSocket.m in Sources */ = {isa = PBXBuildFile; fileRef = 76656A101C8F187A0016DFF1 /* AsyncUdpSocket.m */; };
		76656A2D1C8F187A0016DFF1 /* Documentation.html in Resources */ = {isa = PBXBuildFile; fileRef = 76656A111C8F187A0016DFF1 /* Documentation.html */; };
		76656A2E1C8F187A0016DFF1 /* DDAbstractDatabaseLogger.m in Sources */ = {isa = PBXBuildFile; fileRef = 76656A151C8F187A0016DFF1 /* DDAbstractDatabaseLogger.m */; };
		76656A2F1C8F187A0016DFF1 /* DDASLLogger.m in Sources */ = {isa = PBXBuildFile; fileRef = 76656A171C8F187A0016DFF1 /* DDASLLogger.m */; };
		76656A301C8F187A0016DFF1 /* DDFileLogger.m in Sources */ = {isa = PBXBuildFile; fileRef = 76656A191C8F187A0016DFF1 /* DDFileLogger.m */; };
		76656A311C8F187A0016DFF1 /* DDLog.m in Sources */ = {isa = PBXBuildFile; fileRef = 76656A1C1C8F187A0016DFF1 /* DDLog.m */; };
		76656A321C8F187A0016DFF1 /* DDTTYLogger.m in Sources */ = {isa = PBXBuildFile; fileRef = 76656A1E1C8F187A0016DFF1 /* DDTTYLogger.m */; };
		76656A331C8F187A0016DFF1 /* DDContextFilterLogFormatter.m in Sources */ = {isa = PBXBuildFile; fileRef = 76656A211C8F187A0016DFF1 /* DDContextFilterLogFormatter.m */; };
		76656A341C8F187A0016DFF1 /* DDDispatchQueueLogFormatter.m in Sources */ = {isa = PBXBuildFile; fileRef = 76656A231C8F187A0016DFF1 /* DDDispatchQueueLogFormatter.m */; };
		76656A351C8F187A0016DFF1 /* DDMultiFormatter.m in Sources */ = {isa = PBXBuildFile; fileRef = 76656A251C8F187A0016DFF1 /* DDMultiFormatter.m */; };
		76656A361C8F187A0016DFF1 /* README.txt in Resources */ = {isa = PBXBuildFile; fileRef = 76656A261C8F187A0016DFF1 /* README.txt */; };
		7670A54C1C918D410023FFA9 /* DiscoveryService.m in Sources */ = {isa = PBXBuildFile; fileRef = 7670A54B1C918D410023FFA9 /* DiscoveryService.m */; };
		7670A54F1C918F340023FFA9 /* LocationViewController.m in Sources */ = {isa = PBXBuildFile; fileRef = 7670A54E1C918F340023FFA9 /* LocationViewController.m */; };
		76F115571C8EEFF000129D2A /* main.m in Sources */ = {isa = PBXBuildFile; fileRef = 76F115561C8EEFF000129D2A /* main.m */; };
		76F1155A1C8EEFF000129D2A /* AppDelegate.m in Sources */ = {isa = PBXBuildFile; fileRef = 76F115591C8EEFF000129D2A /* AppDelegate.m */; };
		76F115601C8EEFF000129D2A /* Main.storyboard in Resources */ = {isa = PBXBuildFile; fileRef = 76F1155E1C8EEFF000129D2A /* Main.storyboard */; };
		76F115621C8EEFF000129D2A /* Assets.xcassets in Resources */ = {isa = PBXBuildFile; fileRef = 76F115611C8EEFF000129D2A /* Assets.xcassets */; };
		76F115651C8EEFF000129D2A /* LaunchScreen.storyboard in Resources */ = {isa = PBXBuildFile; fileRef = 76F115631C8EEFF000129D2A /* LaunchScreen.storyboard */; };
		76F1156D1C8EF15500129D2A /* CoreLocation.framework in Frameworks */ = {isa = PBXBuildFile; fileRef = 76F1156C1C8EF15500129D2A /* CoreLocation.framework */; };
/* End PBXBuildFile section */

/* Begin PBXFileReference section */
		76656A011C8F15470016DFF1 /* libz.tbd */ = {isa = PBXFileReference; lastKnownFileType = "sourcecode.text-based-dylib-definition"; name = libz.tbd; path = usr/lib/libz.tbd; sourceTree = SDKROOT; };
		76656A041C8F187A0016DFF1 /* CocoaAsyncSocket.h */ = {isa = PBXFileReference; fileEncoding = 4; lastKnownFileType = sourcecode.c.h; path = CocoaAsyncSocket.h; sourceTree = "<group>"; };
		76656A061C8F187A0016DFF1 /* Documentation.html */ = {isa = PBXFileReference; fileEncoding = 4; lastKnownFileType = text.html; path = Documentation.html; sourceTree = "<group>"; };
		76656A071C8F187A0016DFF1 /* GCDAsyncSocket.h */ = {isa = PBXFileReference; fileEncoding = 4; lastKnownFileType = sourcecode.c.h; path = GCDAsyncSocket.h; sourceTree = "<group>"; };
		76656A081C8F187A0016DFF1 /* GCDAsyncSocket.m */ = {isa = PBXFileReference; fileEncoding = 4; lastKnownFileType = sourcecode.c.objc; path = GCDAsyncSocket.m; sourceTree = "<group>"; };
		76656A091C8F187A0016DFF1 /* GCDAsyncUdpSocket.h */ = {isa = PBXFileReference; fileEncoding = 4; lastKnownFileType = sourcecode.c.h; path = GCDAsyncUdpSocket.h; sourceTree = "<group>"; };
		76656A0A1C8F187A0016DFF1 /* GCDAsyncUdpSocket.m */ = {isa = PBXFileReference; fileEncoding = 4; lastKnownFileType = sourcecode.c.objc; path = GCDAsyncUdpSocket.m; sourceTree = "<group>"; };
		76656A0B1C8F187A0016DFF1 /* Info.plist */ = {isa = PBXFileReference; fileEncoding = 4; lastKnownFileType = text.plist.xml; path = Info.plist; sourceTree = "<group>"; };
		76656A0D1C8F187A0016DFF1 /* AsyncSocket.h */ = {isa = PBXFileReference; fileEncoding = 4; lastKnownFileType = sourcecode.c.h; path = AsyncSocket.h; sourceTree = "<group>"; };
		76656A0E1C8F187A0016DFF1 /* AsyncSocket.m */ = {isa = PBXFileReference; fileEncoding = 4; lastKnownFileType = sourcecode.c.objc; path = AsyncSocket.m; sourceTree = "<group>"; };
		76656A0F1C8F187A0016DFF1 /* AsyncUdpSocket.h */ = {isa = PBXFileReference; fileEncoding = 4; lastKnownFileType = sourcecode.c.h; path = AsyncUdpSocket.h; sourceTree = "<group>"; };
		76656A101C8F187A0016DFF1 /* AsyncUdpSocket.m */ = {isa = PBXFileReference; fileEncoding = 4; lastKnownFileType = sourcecode.c.objc; path = AsyncUdpSocket.m; sourceTree = "<group>"; };
		76656A111C8F187A0016DFF1 /* Documentation.html */ = {isa = PBXFileReference; fileEncoding = 4; lastKnownFileType = text.html; path = Documentation.html; sourceTree = "<group>"; };
		76656A141C8F187A0016DFF1 /* DDAbstractDatabaseLogger.h */ = {isa = PBXFileReference; fileEncoding = 4; lastKnownFileType = sourcecode.c.h; path = DDAbstractDatabaseLogger.h; sourceTree = "<group>"; };
		76656A151C8F187A0016DFF1 /* DDAbstractDatabaseLogger.m */ = {isa = PBXFileReference; fileEncoding = 4; lastKnownFileType = sourcecode.c.objc; path = DDAbstractDatabaseLogger.m; sourceTree = "<group>"; };
		76656A161C8F187A0016DFF1 /* DDASLLogger.h */ = {isa = PBXFileReference; fileEncoding = 4; lastKnownFileType = sourcecode.c.h; path = DDASLLogger.h; sourceTree = "<group>"; };
		76656A171C8F187A0016DFF1 /* DDASLLogger.m */ = {isa = PBXFileReference; fileEncoding = 4; lastKnownFileType = sourcecode.c.objc; path = DDASLLogger.m; sourceTree = "<group>"; };
		76656A181C8F187A0016DFF1 /* DDFileLogger.h */ = {isa = PBXFileReference; fileEncoding = 4; lastKnownFileType = sourcecode.c.h; path = DDFileLogger.h; sourceTree = "<group>"; };
		76656A191C8F187A0016DFF1 /* DDFileLogger.m */ = {isa = PBXFileReference; fileEncoding = 4; lastKnownFileType = sourcecode.c.objc; path = DDFileLogger.m; sourceTree = "<group>"; };
		76656A1A1C8F187A0016DFF1 /* DDLog+LOGV.h */ = {isa = PBXFileReference; fileEncoding = 4; lastKnownFileType = sourcecode.c.h; path = "DDLog+LOGV.h"; sourceTree = "<group>"; };
		76656A1B1C8F187A0016DFF1 /* DDLog.h */ = {isa = PBXFileReference; fileEncoding = 4; lastKnownFileType = sourcecode.c.h; path = DDLog.h; sourceTree = "<group>"; };
		76656A1C1C8F187A0016DFF1 /* DDLog.m */ = {isa = PBXFileReference; fileEncoding = 4; lastKnownFileType = sourcecode.c.objc; path = DDLog.m; sourceTree = "<group>"; };
		76656A1D1C8F187A0016DFF1 /* DDTTYLogger.h */ = {isa = PBXFileReference; fileEncoding = 4; lastKnownFileType = sourcecode.c.h; path = DDTTYLogger.h; sourceTree = "<group>"; };
		76656A1E1C8F187A0016DFF1 /* DDTTYLogger.m */ = {isa = PBXFileReference; fileEncoding = 4; lastKnownFileType = sourcecode.c.objc; path = DDTTYLogger.m; sourceTree = "<group>"; };
		76656A201C8F187A0016DFF1 /* DDContextFilterLogFormatter.h */ = {isa = PBXFileReference; fileEncoding = 4; lastKnownFileType = sourcecode.c.h; path = DDContextFilterLogFormatter.h; sourceTree = "<group>"; };
		76656A211C8F187A0016DFF1 /* DDContextFilterLogFormatter.m */ = {isa = PBXFileReference; fileEncoding = 4; lastKnownFileType = sourcecode.c.objc; path = DDContextFilterLogFormatter.m; sourceTree = "<group>"; };
		76656A221C8F187A0016DFF1 /* DDDispatchQueueLogFormatter.h */ = {isa = PBXFileReference; fileEncoding = 4; lastKnownFileType = sourcecode.c.h; path = DDDispatchQueueLogFormatter.h; sourceTree = "<group>"; };
		76656A231C8F187A0016DFF1 /* DDDispatchQueueLogFormatter.m */ = {isa = PBXFileReference; fileEncoding = 4; lastKnownFileType = sourcecode.c.objc; path = DDDispatchQueueLogFormatter.m; sourceTree = "<group>"; };
		76656A241C8F187A0016DFF1 /* DDMultiFormatter.h */ = {isa = PBXFileReference; fileEncoding = 4; lastKnownFileType = sourcecode.c.h; path = DDMultiFormatter.h; sourceTree = "<group>"; };
		76656A251C8F187A0016DFF1 /* DDMultiFormatter.m */ = {isa = PBXFileReference; fileEncoding = 4; lastKnownFileType = sourcecode.c.objc; path = DDMultiFormatter.m; sourceTree = "<group>"; };
		76656A261C8F187A0016DFF1 /* README.txt */ = {isa = PBXFileReference; fileEncoding = 4; lastKnownFileType = text; path = README.txt; sourceTree = "<group>"; };
		7670A54A1C918D410023FFA9 /* DiscoveryService.h */ = {isa = PBXFileReference; fileEncoding = 4; lastKnownFileType = sourcecode.c.h; path = DiscoveryService.h; sourceTree = "<group>"; };
		7670A54B1C918D410023FFA9 /* DiscoveryService.m */ = {isa = PBXFileReference; fileEncoding = 4; lastKnownFileType = sourcecode.c.objc; path = DiscoveryService.m; sourceTree = "<group>"; };
		7670A54D1C918F340023FFA9 /* LocationViewController.h */ = {isa = PBXFileReference; fileEncoding = 4; lastKnownFileType = sourcecode.c.h; path = LocationViewController.h; sourceTree = "<group>"; };
		7670A54E1C918F340023FFA9 /* LocationViewController.m */ = {isa = PBXFileReference; fileEncoding = 4; lastKnownFileType = sourcecode.c.objc; path = LocationViewController.m; sourceTree = "<group>"; };
		76F115521C8EEFF000129D2A /* GhostsInTheCity_Location.app */ = {isa = PBXFileReference; explicitFileType = wrapper.application; includeInIndex = 0; path = GhostsInTheCity_Location.app; sourceTree = BUILT_PRODUCTS_DIR; };
		76F115561C8EEFF000129D2A /* main.m */ = {isa = PBXFileReference; lastKnownFileType = sourcecode.c.objc; path = main.m; sourceTree = "<group>"; };
		76F115581C8EEFF000129D2A /* AppDelegate.h */ = {isa = PBXFileReference; lastKnownFileType = sourcecode.c.h; path = AppDelegate.h; sourceTree = "<group>"; };
		76F115591C8EEFF000129D2A /* AppDelegate.m */ = {isa = PBXFileReference; lastKnownFileType = sourcecode.c.objc; path = AppDelegate.m; sourceTree = "<group>"; };
		76F1155F1C8EEFF000129D2A /* Base */ = {isa = PBXFileReference; lastKnownFileType = file.storyboard; name = Base; path = Base.lproj/Main.storyboard; sourceTree = "<group>"; };
		76F115611C8EEFF000129D2A /* Assets.xcassets */ = {isa = PBXFileReference; lastKnownFileType = folder.assetcatalog; path = Assets.xcassets; sourceTree = "<group>"; };
		76F115641C8EEFF000129D2A /* Base */ = {isa = PBXFileReference; lastKnownFileType = file.storyboard; name = Base; path = Base.lproj/LaunchScreen.storyboard; sourceTree = "<group>"; };
		76F115661C8EEFF000129D2A /* Info.plist */ = {isa = PBXFileReference; lastKnownFileType = text.plist.xml; path = Info.plist; sourceTree = "<group>"; };
		76F1156C1C8EF15500129D2A /* CoreLocation.framework */ = {isa = PBXFileReference; lastKnownFileType = wrapper.framework; name = CoreLocation.framework; path = System/Library/Frameworks/CoreLocation.framework; sourceTree = SDKROOT; };
/* End PBXFileReference section */

/* Begin PBXFrameworksBuildPhase section */
		76F1154F1C8EEFF000129D2A /* Frameworks */ = {
			isa = PBXFrameworksBuildPhase;
			buildActionMask = 2147483647;
			files = (
				76656A021C8F15470016DFF1 /* libz.tbd in Frameworks */,
				76F1156D1C8EF15500129D2A /* CoreLocation.framework in Frameworks */,
			);
			runOnlyForDeploymentPostprocessing = 0;
		};
/* End PBXFrameworksBuildPhase section */

/* Begin PBXGroup section */
		76656A031C8F187A0016DFF1 /* CocoaAsyncSocket */ = {
			isa = PBXGroup;
			children = (
				76656A041C8F187A0016DFF1 /* CocoaAsyncSocket.h */,
				76656A051C8F187A0016DFF1 /* GCD */,
				76656A0B1C8F187A0016DFF1 /* Info.plist */,
				76656A0C1C8F187A0016DFF1 /* RunLoop */,
				76656A121C8F187A0016DFF1 /* Vendor */,
			);
			path = CocoaAsyncSocket;
			sourceTree = "<group>";
		};
		76656A051C8F187A0016DFF1 /* GCD */ = {
			isa = PBXGroup;
			children = (
				76656A061C8F187A0016DFF1 /* Documentation.html */,
				76656A071C8F187A0016DFF1 /* GCDAsyncSocket.h */,
				76656A081C8F187A0016DFF1 /* GCDAsyncSocket.m */,
				76656A091C8F187A0016DFF1 /* GCDAsyncUdpSocket.h */,
				76656A0A1C8F187A0016DFF1 /* GCDAsyncUdpSocket.m */,
			);
			path = GCD;
			sourceTree = "<group>";
		};
		76656A0C1C8F187A0016DFF1 /* RunLoop */ = {
			isa = PBXGroup;
			children = (
				76656A0D1C8F187A0016DFF1 /* AsyncSocket.h */,
				76656A0E1C8F187A0016DFF1 /* AsyncSocket.m */,
				76656A0F1C8F187A0016DFF1 /* AsyncUdpSocket.h */,
				76656A101C8F187A0016DFF1 /* AsyncUdpSocket.m */,
				76656A111C8F187A0016DFF1 /* Documentation.html */,
			);
			path = RunLoop;
			sourceTree = "<group>";
		};
		76656A121C8F187A0016DFF1 /* Vendor */ = {
			isa = PBXGroup;
			children = (
				76656A131C8F187A0016DFF1 /* CocoaLumberjack */,
			);
			path = Vendor;
			sourceTree = "<group>";
		};
		76656A131C8F187A0016DFF1 /* CocoaLumberjack */ = {
			isa = PBXGroup;
			children = (
				76656A141C8F187A0016DFF1 /* DDAbstractDatabaseLogger.h */,
				76656A151C8F187A0016DFF1 /* DDAbstractDatabaseLogger.m */,
				76656A161C8F187A0016DFF1 /* DDASLLogger.h */,
				76656A171C8F187A0016DFF1 /* DDASLLogger.m */,
				76656A181C8F187A0016DFF1 /* DDFileLogger.h */,
				76656A191C8F187A0016DFF1 /* DDFileLogger.m */,
				76656A1A1C8F187A0016DFF1 /* DDLog+LOGV.h */,
				76656A1B1C8F187A0016DFF1 /* DDLog.h */,
				76656A1C1C8F187A0016DFF1 /* DDLog.m */,
				76656A1D1C8F187A0016DFF1 /* DDTTYLogger.h */,
				76656A1E1C8F187A0016DFF1 /* DDTTYLogger.m */,
				76656A1F1C8F187A0016DFF1 /* Extensions */,
			);
			path = CocoaLumberjack;
			sourceTree = "<group>";
		};
		76656A1F1C8F187A0016DFF1 /* Extensions */ = {
			isa = PBXGroup;
			children = (
				76656A201C8F187A0016DFF1 /* DDContextFilterLogFormatter.h */,
				76656A211C8F187A0016DFF1 /* DDContextFilterLogFormatter.m */,
				76656A221C8F187A0016DFF1 /* DDDispatchQueueLogFormatter.h */,
				76656A231C8F187A0016DFF1 /* DDDispatchQueueLogFormatter.m */,
				76656A241C8F187A0016DFF1 /* DDMultiFormatter.h */,
				76656A251C8F187A0016DFF1 /* DDMultiFormatter.m */,
				76656A261C8F187A0016DFF1 /* README.txt */,
			);
			path = Extensions;
			sourceTree = "<group>";
		};
		76F115491C8EEFF000129D2A = {
			isa = PBXGroup;
			children = (
				76656A011C8F15470016DFF1 /* libz.tbd */,
				76F1156C1C8EF15500129D2A /* CoreLocation.framework */,
				76F115541C8EEFF000129D2A /* GhostsInTheCity_Location */,
				76F115531C8EEFF000129D2A /* Products */,
			);
			sourceTree = "<group>";
		};
		76F115531C8EEFF000129D2A /* Products */ = {
			isa = PBXGroup;
			children = (
				76F115521C8EEFF000129D2A /* GhostsInTheCity_Location.app */,
			);
			name = Products;
			sourceTree = "<group>";
		};
		76F115541C8EEFF000129D2A /* GhostsInTheCity_Location */ = {
			isa = PBXGroup;
			children = (
				76F115581C8EEFF000129D2A /* AppDelegate.h */,
				76F115591C8EEFF000129D2A /* AppDelegate.m */,
				7670A54A1C918D410023FFA9 /* DiscoveryService.h */,
				7670A54B1C918D410023FFA9 /* DiscoveryService.m */,
				7670A54D1C918F340023FFA9 /* LocationViewController.h */,
				7670A54E1C918F340023FFA9 /* LocationViewController.m */,
				76F1155E1C8EEFF000129D2A /* Main.storyboard */,
				76F115611C8EEFF000129D2A /* Assets.xcassets */,
				76F115631C8EEFF000129D2A /* LaunchScreen.storyboard */,
				76F115661C8EEFF000129D2A /* Info.plist */,
				76656A031C8F187A0016DFF1 /* CocoaAsyncSocket */,
				76F115551C8EEFF000129D2A /* Supporting Files */,
			);
			path = GhostsInTheCity_Location;
			sourceTree = "<group>";
		};
		76F115551C8EEFF000129D2A /* Supporting Files */ = {
			isa = PBXGroup;
			children = (
				76F115561C8EEFF000129D2A /* main.m */,
			);
			name = "Supporting Files";
			sourceTree = "<group>";
		};
/* End PBXGroup section */

/* Begin PBXNativeTarget section */
		76F115511C8EEFF000129D2A /* GhostsInTheCity_Location */ = {
			isa = PBXNativeTarget;
			buildConfigurationList = 76F115691C8EEFF000129D2A /* Build configuration list for PBXNativeTarget "GhostsInTheCity_Location" */;
			buildPhases = (
				76F1154E1C8EEFF000129D2A /* Sources */,
				76F1154F1C8EEFF000129D2A /* Frameworks */,
				76F115501C8EEFF000129D2A /* Resources */,
			);
			buildRules = (
			);
			dependencies = (
			);
			name = GhostsInTheCity_Location;
			productName = GhostsInTheCity_Location;
			productReference = 76F115521C8EEFF000129D2A /* GhostsInTheCity_Location.app */;
			productType = "com.apple.product-type.application";
		};
/* End PBXNativeTarget section */

/* Begin PBXProject section */
		76F1154A1C8EEFF000129D2A /* Project object */ = {
			isa = PBXProject;
			attributes = {
				LastUpgradeCheck = 0720;
				ORGANIZATIONNAME = "Pietro Nompleggio";
				TargetAttributes = {
					76F115511C8EEFF000129D2A = {
						CreatedOnToolsVersion = 7.2.1;
					};
				};
			};
			buildConfigurationList = 76F1154D1C8EEFF000129D2A /* Build configuration list for PBXProject "GhostsInTheCity_Location" */;
			compatibilityVersion = "Xcode 3.2";
			developmentRegion = English;
			hasScannedForEncodings = 0;
			knownRegions = (
				en,
				Base,
			);
			mainGroup = 76F115491C8EEFF000129D2A;
			productRefGroup = 76F115531C8EEFF000129D2A /* Products */;
			projectDirPath = "";
			projectRoot = "";
			targets = (
				76F115511C8EEFF000129D2A /* GhostsInTheCity_Location */,
			);
		};
/* End PBXProject section */

/* Begin PBXResourcesBuildPhase section */
		76F115501C8EEFF000129D2A /* Resources */ = {
			isa = PBXResourcesBuildPhase;
			buildActionMask = 2147483647;
			files = (
				76F115651C8EEFF000129D2A /* LaunchScreen.storyboard in Resources */,
				76656A2D1C8F187A0016DFF1 /* Documentation.html in Resources */,
				76F115621C8EEFF000129D2A /* Assets.xcassets in Resources */,
				76F115601C8EEFF000129D2A /* Main.storyboard in Resources */,
				76656A2A1C8F187A0016DFF1 /* Info.plist in Resources */,
				76656A361C8F187A0016DFF1 /* README.txt in Resources */,
				76656A271C8F187A0016DFF1 /* Documentation.html in Resources */,
			);
			runOnlyForDeploymentPostprocessing = 0;
		};
/* End PBXResourcesBuildPhase section */

/* Begin PBXSourcesBuildPhase section */
		76F1154E1C8EEFF000129D2A /* Sources */ = {
			isa = PBXSourcesBuildPhase;
			buildActionMask = 2147483647;
			files = (
				76656A301C8F187A0016DFF1 /* DDFileLogger.m in Sources */,
				76656A2B1C8F187A0016DFF1 /* AsyncSocket.m in Sources */,
				76656A281C8F187A0016DFF1 /* GCDAsyncSocket.m in Sources */,
				76656A321C8F187A0016DFF1 /* DDTTYLogger.m in Sources */,
				76656A311C8F187A0016DFF1 /* DDLog.m in Sources */,
				76656A2E1C8F187A0016DFF1 /* DDAbstractDatabaseLogger.m in Sources */,
				76656A2C1C8F187A0016DFF1 /* AsyncUdpSocket.m in Sources */,
				76656A291C8F187A0016DFF1 /* GCDAsyncUdpSocket.m in Sources */,
				76656A2F1C8F187A0016DFF1 /* DDASLLogger.m in Sources */,
				7670A54F1C918F340023FFA9 /* LocationViewController.m in Sources */,
				76656A331C8F187A0016DFF1 /* DDContextFilterLogFormatter.m in Sources */,
				76656A341C8F187A0016DFF1 /* DDDispatchQueueLogFormatter.m in Sources */,
				76F1155A1C8EEFF000129D2A /* AppDelegate.m in Sources */,
				76656A351C8F187A0016DFF1 /* DDMultiFormatter.m in Sources */,
				7670A54C1C918D410023FFA9 /* DiscoveryService.m in Sources */,
				76F115571C8EEFF000129D2A /* main.m in Sources */,
			);
			runOnlyForDeploymentPostprocessing = 0;
		};
/* End PBXSourcesBuildPhase section */

/* Begin PBXVariantGroup section */
		76F1155E1C8EEFF000129D2A /* Main.storyboard */ = {
			isa = PBXVariantGroup;
			children = (
				76F1155F1C8EEFF000129D2A /* Base */,
			);
			name = Main.storyboard;
			sourceTree = "<group>";
		};
		76F115631C8EEFF000129D2A /* LaunchScreen.storyboard */ = {
			isa = PBXVariantGroup;
			children = (
				76F115641C8EEFF000129D2A /* Base */,
			);
			name = LaunchScreen.storyboard;
			sourceTree = "<group>";
		};
/* End PBXVariantGroup section */

/* Begin XCBuildConfiguration section */
		76F115671C8EEFF000129D2A /* Debug */ = {
			isa = XCBuildConfiguration;
			buildSettings = {
				ALWAYS_SEARCH_USER_PATHS = NO;
				CLANG_CXX_LANGUAGE_STANDARD = "gnu++0x";
				CLANG_CXX_LIBRARY = "libc++";
				CLANG_ENABLE_MODULES = YES;
				CLANG_ENABLE_OBJC_ARC = YES;
				CLANG_WARN_BOOL_CONVERSION = YES;
				CLANG_WARN_CONSTANT_CONVERSION = YES;
				CLANG_WARN_DIRECT_OBJC_ISA_USAGE = YES_ERROR;
				CLANG_WARN_EMPTY_BODY = YES;
				CLANG_WARN_ENUM_CONVERSION = YES;
				CLANG_WARN_INT_CONVERSION = YES;
				CLANG_WARN_OBJC_ROOT_CLASS = YES_ERROR;
				CLANG_WARN_UNREACHABLE_CODE = YES;
				CLANG_WARN__DUPLICATE_METHOD_MATCH = YES;
				"CODE_SIGN_IDENTITY[sdk=iphoneos*]" = "iPhone Developer";
				COPY_PHASE_STRIP = NO;
				DEBUG_INFORMATION_FORMAT = dwarf;
				ENABLE_STRICT_OBJC_MSGSEND = YES;
				ENABLE_TESTABILITY = YES;
				GCC_C_LANGUAGE_STANDARD = gnu99;
				GCC_DYNAMIC_NO_PIC = NO;
				GCC_NO_COMMON_BLOCKS = YES;
				GCC_OPTIMIZATION_LEVEL = 0;
				GCC_PREPROCESSOR_DEFINITIONS = (
					"DEBUG=1",
					"$(inherited)",
				);
				GCC_WARN_64_TO_32_BIT_CONVERSION = YES;
				GCC_WARN_ABOUT_RETURN_TYPE = YES_ERROR;
				GCC_WARN_UNDECLARED_SELECTOR = YES;
				GCC_WARN_UNINITIALIZED_AUTOS = YES_AGGRESSIVE;
				GCC_WARN_UNUSED_FUNCTION = YES;
				GCC_WARN_UNUSED_VARIABLE = YES;
				IPHONEOS_DEPLOYMENT_TARGET = 9.2;
				MTL_ENABLE_DEBUG_INFO = YES;
				ONLY_ACTIVE_ARCH = YES;
				SDKROOT = iphoneos;
			};
			name = Debug;
		};
		76F115681C8EEFF000129D2A /* Release */ = {
			isa = XCBuildConfiguration;
			buildSettings = {
				ALWAYS_SEARCH_USER_PATHS = NO;
				CLANG_CXX_LANGUAGE_STANDARD = "gnu++0x";
				CLANG_CXX_LIBRARY = "libc++";
				CLANG_ENABLE_MODULES = YES;
				CLANG_ENABLE_OBJC_ARC = YES;
				CLANG_WARN_BOOL_CONVERSION = YES;
				CLANG_WARN_CONSTANT_CONVERSION = YES;
				CLANG_WARN_DIRECT_OBJC_ISA_USAGE = YES_ERROR;
				CLANG_WARN_EMPTY_BODY = YES;
				CLANG_WARN_ENUM_CONVERSION = YES;
				CLANG_WARN_INT_CONVERSION = YES;
				CLANG_WARN_OBJC_ROOT_CLASS = YES_ERROR;
				CLANG_WARN_UNREACHABLE_CODE = YES;
				CLANG_WARN__DUPLICATE_METHOD_MATCH = YES;
				"CODE_SIGN_IDENTITY[sdk=iphoneos*]" = "iPhone Developer";
				COPY_PHASE_STRIP = NO;
				DEBUG_INFORMATION_FORMAT = "dwarf-with-dsym";
				ENABLE_NS_ASSERTIONS = NO;
				ENABLE_STRICT_OBJC_MSGSEND = YES;
				GCC_C_LANGUAGE_STANDARD = gnu99;
				GCC_NO_COMMON_BLOCKS = YES;
				GCC_WARN_64_TO_32_BIT_CONVERSION = YES;
				GCC_WARN_ABOUT_RETURN_TYPE = YES_ERROR;
				GCC_WARN_UNDECLARED_SELECTOR = YES;
				GCC_WARN_UNINITIALIZED_AUTOS = YES_AGGRESSIVE;
				GCC_WARN_UNUSED_FUNCTION = YES;
				GCC_WARN_UNUSED_VARIABLE = YES;
				IPHONEOS_DEPLOYMENT_TARGET = 9.2;
				MTL_ENABLE_DEBUG_INFO = NO;
				SDKROOT = iphoneos;
				VALIDATE_PRODUCT = YES;
			};
			name = Release;
		};
		76F1156A1C8EEFF000129D2A /* Debug */ = {
			isa = XCBuildConfiguration;
			buildSettings = {
				ASSETCATALOG_COMPILER_APPICON_NAME = AppIcon;
				HEADER_SEARCH_PATHS = "$(SDKROOT)/usr/include/libxml2";
				INFOPLIST_FILE = GhostsInTheCity_Location/Info.plist;
				LD_RUNPATH_SEARCH_PATHS = "$(inherited) @executable_path/Frameworks";
				PRODUCT_BUNDLE_IDENTIFIER = "com.GhostsInTheCity-Location";
				PRODUCT_NAME = "$(TARGET_NAME)";
			};
			name = Debug;
		};
		76F1156B1C8EEFF000129D2A /* Release */ = {
			isa = XCBuildConfiguration;
			buildSettings = {
				ASSETCATALOG_COMPILER_APPICON_NAME = AppIcon;
				HEADER_SEARCH_PATHS = "$(SDKROOT)/usr/include/libxml2";
				INFOPLIST_FILE = GhostsInTheCity_Location/Info.plist;
				LD_RUNPATH_SEARCH_PATHS = "$(inherited) @executable_path/Frameworks";
				PRODUCT_BUNDLE_IDENTIFIER = "com.GhostsInTheCity-Location";
				PRODUCT_NAME = "$(TARGET_NAME)";
			};
			name = Release;
		};
/* End XCBuildConfiguration section */

/* Begin XCConfigurationList section */
		76F1154D1C8EEFF000129D2A /* Build configuration list for PBXProject "GhostsInTheCity_Location" */ = {
			isa = XCConfigurationList;
			buildConfigurations = (
				76F115671C8EEFF000129D2A /* Debug */,
				76F115681C8EEFF000129D2A /* Release */,
			);
			defaultConfigurationIsVisible = 0;
			defaultConfigurationName = Release;
		};
		76F115691C8EEFF000129D2A /* Build configuration list for PBXNativeTarget "GhostsInTheCity_Location" */ = {
			isa = XCConfigurationList;
			buildConfigurations = (
				76F1156A1C8EEFF000129D2A /* Debug */,
				76F1156B1C8EEFF000129D2A /* Release */,
			);
			defaultConfigurationIsVisible = 0;
			defaultConfigurationName = Release;
		};
/* End XCConfigurationList section */
	};
	rootObject = 76F1154A1C8EEFF000129D2A /* Project object */;
}
